// !$*UTF8*$!
{
	archiveVersion = 1;
	classes = {
	};
	objectVersion = 46;
	objects = {

/* Begin PBXBuildFile section */
		553CAA1D1D3F34F7000EB934 /* AppDelegate.m in Sources */ = {isa = PBXBuildFile; fileRef = 553CAA1C1D3F34F7000EB934 /* AppDelegate.m */; };
		553CAA201D3F34F7000EB934 /* main.m in Sources */ = {isa = PBXBuildFile; fileRef = 553CAA1F1D3F34F7000EB934 /* main.m */; };
		553CAA231D3F34F7000EB934 /* ViewController.m in Sources */ = {isa = PBXBuildFile; fileRef = 553CAA221D3F34F7000EB934 /* ViewController.m */; };
		553CAA251D3F34F7000EB934 /* Assets.xcassets in Resources */ = {isa = PBXBuildFile; fileRef = 553CAA241D3F34F7000EB934 /* Assets.xcassets */; };
		553CAA281D3F34F7000EB934 /* Main.storyboard in Resources */ = {isa = PBXBuildFile; fileRef = 553CAA261D3F34F7000EB934 /* Main.storyboard */; };
		553CAA331D3F34F7000EB934 /* TimerTests.m in Sources */ = {isa = PBXBuildFile; fileRef = 553CAA321D3F34F7000EB934 /* TimerTests.m */; };
		553CAA3E1D3F34F7000EB934 /* TimerUITests.m in Sources */ = {isa = PBXBuildFile; fileRef = 553CAA3D1D3F34F7000EB934 /* TimerUITests.m */; };
		553CAA4C1D3F7E80000EB934 /* time_over.wav in Resources */ = {isa = PBXBuildFile; fileRef = 553CAA4B1D3F7E80000EB934 /* time_over.wav */; };
		553CAA4E1D3F7FE9000EB934 /* buzzer.wav in Resources */ = {isa = PBXBuildFile; fileRef = 553CAA4D1D3F7FE9000EB934 /* buzzer.wav */; };
		553CAA561D3FB449000EB934 /* LOGO.png in Resources */ = {isa = PBXBuildFile; fileRef = 553CAA551D3FB449000EB934 /* LOGO.png */; };
		553CAA581D3FB4CC000EB934 /* LICENSE in Resources */ = {isa = PBXBuildFile; fileRef = 553CAA571D3FB4CC000EB934 /* LICENSE */; };
		553CAA5A1D3FB4E8000EB934 /* README.md in Sources */ = {isa = PBXBuildFile; fileRef = 553CAA591D3FB4E8000EB934 /* README.md */; };
/* End PBXBuildFile section */

/* Begin PBXContainerItemProxy section */
		553CAA2F1D3F34F7000EB934 /* PBXContainerItemProxy */ = {
			isa = PBXContainerItemProxy;
			containerPortal = 553CAA101D3F34F7000EB934 /* Project object */;
			proxyType = 1;
			remoteGlobalIDString = 553CAA171D3F34F7000EB934;
			remoteInfo = Timer;
		};
		553CAA3A1D3F34F7000EB934 /* PBXContainerItemProxy */ = {
			isa = PBXContainerItemProxy;
			containerPortal = 553CAA101D3F34F7000EB934 /* Project object */;
			proxyType = 1;
			remoteGlobalIDString = 553CAA171D3F34F7000EB934;
			remoteInfo = Timer;
		};
/* End PBXContainerItemProxy section */

/* Begin PBXFileReference section */
		553CAA181D3F34F7000EB934 /* 1Timer.app */ = {isa = PBXFileReference; explicitFileType = wrapper.application; includeInIndex = 0; path = 1Timer.app; sourceTree = BUILT_PRODUCTS_DIR; };
		553CAA1B1D3F34F7000EB934 /* AppDelegate.h */ = {isa = PBXFileReference; lastKnownFileType = sourcecode.c.h; path = AppDelegate.h; sourceTree = "<group>"; };
		553CAA1C1D3F34F7000EB934 /* AppDelegate.m */ = {isa = PBXFileReference; lastKnownFileType = sourcecode.c.objc; path = AppDelegate.m; sourceTree = "<group>"; };
		553CAA1F1D3F34F7000EB934 /* main.m */ = {isa = PBXFileReference; lastKnownFileType = sourcecode.c.objc; path = main.m; sourceTree = "<group>"; };
		553CAA211D3F34F7000EB934 /* ViewController.h */ = {isa = PBXFileReference; lastKnownFileType = sourcecode.c.h; path = ViewController.h; sourceTree = "<group>"; };
		553CAA221D3F34F7000EB934 /* ViewController.m */ = {isa = PBXFileReference; lastKnownFileType = sourcecode.c.objc; path = ViewController.m; sourceTree = "<group>"; };
		553CAA241D3F34F7000EB934 /* Assets.xcassets */ = {isa = PBXFileReference; lastKnownFileType = folder.assetcatalog; path = Assets.xcassets; sourceTree = "<group>"; };
		553CAA271D3F34F7000EB934 /* Base */ = {isa = PBXFileReference; lastKnownFileType = file.storyboard; name = Base; path = Base.lproj/Main.storyboard; sourceTree = "<group>"; };
		553CAA291D3F34F7000EB934 /* Info.plist */ = {isa = PBXFileReference; lastKnownFileType = text.plist.xml; path = Info.plist; sourceTree = "<group>"; };
		553CAA2E1D3F34F7000EB934 /* 1Timer.xctest */ = {isa = PBXFileReference; explicitFileType = wrapper.cfbundle; includeInIndex = 0; path = 1Timer.xctest; sourceTree = BUILT_PRODUCTS_DIR; };
		553CAA321D3F34F7000EB934 /* TimerTests.m */ = {isa = PBXFileReference; lastKnownFileType = sourcecode.c.objc; path = TimerTests.m; sourceTree = "<group>"; };
		553CAA341D3F34F7000EB934 /* Info.plist */ = {isa = PBXFileReference; lastKnownFileType = text.plist.xml; path = Info.plist; sourceTree = "<group>"; };
		553CAA391D3F34F7000EB934 /* 1Timer.xctest */ = {isa = PBXFileReference; explicitFileType = wrapper.cfbundle; includeInIndex = 0; path = 1Timer.xctest; sourceTree = BUILT_PRODUCTS_DIR; };
		553CAA3D1D3F34F7000EB934 /* TimerUITests.m */ = {isa = PBXFileReference; lastKnownFileType = sourcecode.c.objc; path = TimerUITests.m; sourceTree = "<group>"; };
		553CAA3F1D3F34F7000EB934 /* Info.plist */ = {isa = PBXFileReference; lastKnownFileType = text.plist.xml; path = Info.plist; sourceTree = "<group>"; };
		553CAA4B1D3F7E80000EB934 /* time_over.wav */ = {isa = PBXFileReference; lastKnownFileType = audio.wav; path = time_over.wav; sourceTree = "<group>"; };
		553CAA4D1D3F7FE9000EB934 /* buzzer.wav */ = {isa = PBXFileReference; lastKnownFileType = audio.wav; path = buzzer.wav; sourceTree = "<group>"; };
		553CAA551D3FB449000EB934 /* LOGO.png */ = {isa = PBXFileReference; lastKnownFileType = image.png; path = LOGO.png; sourceTree = "<group>"; };
		553CAA571D3FB4CC000EB934 /* LICENSE */ = {isa = PBXFileReference; fileEncoding = 4; lastKnownFileType = text; path = LICENSE; sourceTree = "<group>"; };
		553CAA591D3FB4E8000EB934 /* README.md */ = {isa = PBXFileReference; fileEncoding = 4; lastKnownFileType = net.daringfireball.markdown; path = README.md; sourceTree = "<group>"; };
/* End PBXFileReference section */

/* Begin PBXFrameworksBuildPhase section */
		553CAA151D3F34F7000EB934 /* Frameworks */ = {
			isa = PBXFrameworksBuildPhase;
			buildActionMask = 2147483647;
			files = (
			);
			runOnlyForDeploymentPostprocessing = 0;
		};
		553CAA2B1D3F34F7000EB934 /* Frameworks */ = {
			isa = PBXFrameworksBuildPhase;
			buildActionMask = 2147483647;
			files = (
			);
			runOnlyForDeploymentPostprocessing = 0;
		};
		553CAA361D3F34F7000EB934 /* Frameworks */ = {
			isa = PBXFrameworksBuildPhase;
			buildActionMask = 2147483647;
			files = (
			);
			runOnlyForDeploymentPostprocessing = 0;
		};
/* End PBXFrameworksBuildPhase section */

/* Begin PBXGroup section */
		553CAA0F1D3F34F7000EB934 = {
			isa = PBXGroup;
			children = (
				553CAA571D3FB4CC000EB934 /* LICENSE */,
				553CAA591D3FB4E8000EB934 /* README.md */,
				553CAA1A1D3F34F7000EB934 /* Timer */,
				553CAA311D3F34F7000EB934 /* TimerTests */,
				553CAA3C1D3F34F7000EB934 /* TimerUITests */,
				553CAA191D3F34F7000EB934 /* Products */,
			);
			sourceTree = "<group>";
		};
		553CAA191D3F34F7000EB934 /* Products */ = {
			isa = PBXGroup;
			children = (
				553CAA181D3F34F7000EB934 /* 1Timer.app */,
				553CAA2E1D3F34F7000EB934 /* 1Timer.xctest */,
				553CAA391D3F34F7000EB934 /* 1Timer.xctest */,
			);
			name = Products;
			sourceTree = "<group>";
		};
		553CAA1A1D3F34F7000EB934 /* Timer */ = {
			isa = PBXGroup;
			children = (
				553CAA1B1D3F34F7000EB934 /* AppDelegate.h */,
				553CAA1C1D3F34F7000EB934 /* AppDelegate.m */,
				553CAA211D3F34F7000EB934 /* ViewController.h */,
				553CAA221D3F34F7000EB934 /* ViewController.m */,
				553CAA241D3F34F7000EB934 /* Assets.xcassets */,
				553CAA261D3F34F7000EB934 /* Main.storyboard */,
				553CAA291D3F34F7000EB934 /* Info.plist */,
				553CAA1E1D3F34F7000EB934 /* Supporting Files */,
			);
			path = Timer;
			sourceTree = "<group>";
		};
		553CAA1E1D3F34F7000EB934 /* Supporting Files */ = {
			isa = PBXGroup;
			children = (
				553CAA551D3FB449000EB934 /* LOGO.png */,
				553CAA4D1D3F7FE9000EB934 /* buzzer.wav */,
				553CAA4B1D3F7E80000EB934 /* time_over.wav */,
				553CAA1F1D3F34F7000EB934 /* main.m */,
			);
			name = "Supporting Files";
			sourceTree = "<group>";
		};
		553CAA311D3F34F7000EB934 /* TimerTests */ = {
			isa = PBXGroup;
			children = (
				553CAA321D3F34F7000EB934 /* TimerTests.m */,
				553CAA341D3F34F7000EB934 /* Info.plist */,
			);
			path = TimerTests;
			sourceTree = "<group>";
		};
		553CAA3C1D3F34F7000EB934 /* TimerUITests */ = {
			isa = PBXGroup;
			children = (
				553CAA3D1D3F34F7000EB934 /* TimerUITests.m */,
				553CAA3F1D3F34F7000EB934 /* Info.plist */,
			);
			path = TimerUITests;
			sourceTree = "<group>";
		};
/* End PBXGroup section */

/* Begin PBXNativeTarget section */
		553CAA171D3F34F7000EB934 /* 1Timer */ = {
			isa = PBXNativeTarget;
			buildConfigurationList = 553CAA421D3F34F7000EB934 /* Build configuration list for PBXNativeTarget "1Timer" */;
			buildPhases = (
				553CAA141D3F34F7000EB934 /* Sources */,
				553CAA151D3F34F7000EB934 /* Frameworks */,
				553CAA161D3F34F7000EB934 /* Resources */,
			);
			buildRules = (
			);
			dependencies = (
			);
			name = 1Timer;
			productName = Timer;
			productReference = 553CAA181D3F34F7000EB934 /* 1Timer.app */;
			productType = "com.apple.product-type.application";
		};
		553CAA2D1D3F34F7000EB934 /* 1TimerTests */ = {
			isa = PBXNativeTarget;
			buildConfigurationList = 553CAA451D3F34F7000EB934 /* Build configuration list for PBXNativeTarget "1TimerTests" */;
			buildPhases = (
				553CAA2A1D3F34F7000EB934 /* Sources */,
				553CAA2B1D3F34F7000EB934 /* Frameworks */,
				553CAA2C1D3F34F7000EB934 /* Resources */,
			);
			buildRules = (
			);
			dependencies = (
				553CAA301D3F34F7000EB934 /* PBXTargetDependency */,
			);
			name = 1TimerTests;
			productName = TimerTests;
			productReference = 553CAA2E1D3F34F7000EB934 /* 1Timer.xctest */;
			productType = "com.apple.product-type.bundle.unit-test";
		};
		553CAA381D3F34F7000EB934 /* 1TimerUITests */ = {
			isa = PBXNativeTarget;
			buildConfigurationList = 553CAA481D3F34F7000EB934 /* Build configuration list for PBXNativeTarget "1TimerUITests" */;
			buildPhases = (
				553CAA351D3F34F7000EB934 /* Sources */,
				553CAA361D3F34F7000EB934 /* Frameworks */,
				553CAA371D3F34F7000EB934 /* Resources */,
			);
			buildRules = (
			);
			dependencies = (
				553CAA3B1D3F34F7000EB934 /* PBXTargetDependency */,
			);
			name = 1TimerUITests;
			productName = TimerUITests;
			productReference = 553CAA391D3F34F7000EB934 /* 1Timer.xctest */;
			productType = "com.apple.product-type.bundle.ui-testing";
		};
/* End PBXNativeTarget section */

/* Begin PBXProject section */
		553CAA101D3F34F7000EB934 /* Project object */ = {
			isa = PBXProject;
			attributes = {
				LastUpgradeCheck = 0730;
				ORGANIZATIONNAME = "Adam Yi";
				TargetAttributes = {
					553CAA171D3F34F7000EB934 = {
						CreatedOnToolsVersion = 7.3.1;
						DevelopmentTeam = C5X6D3A359;
						ProvisioningStyle = Automatic;
					};
					553CAA2D1D3F34F7000EB934 = {
						CreatedOnToolsVersion = 7.3.1;
						TestTargetID = 553CAA171D3F34F7000EB934;
					};
					553CAA381D3F34F7000EB934 = {
						CreatedOnToolsVersion = 7.3.1;
						TestTargetID = 553CAA171D3F34F7000EB934;
					};
				};
			};
			buildConfigurationList = 553CAA131D3F34F7000EB934 /* Build configuration list for PBXProject "1Timer" */;
			compatibilityVersion = "Xcode 3.2";
			developmentRegion = English;
			hasScannedForEncodings = 0;
			knownRegions = (
				en,
				Base,
			);
			mainGroup = 553CAA0F1D3F34F7000EB934;
			productRefGroup = 553CAA191D3F34F7000EB934 /* Products */;
			projectDirPath = "";
			projectRoot = "";
			targets = (
				553CAA171D3F34F7000EB934 /* 1Timer */,
				553CAA2D1D3F34F7000EB934 /* 1TimerTests */,
				553CAA381D3F34F7000EB934 /* 1TimerUITests */,
			);
		};
/* End PBXProject section */

/* Begin PBXResourcesBuildPhase section */
		553CAA161D3F34F7000EB934 /* Resources */ = {
			isa = PBXResourcesBuildPhase;
			buildActionMask = 2147483647;
			files = (
				553CAA581D3FB4CC000EB934 /* LICENSE in Resources */,
				553CAA4E1D3F7FE9000EB934 /* buzzer.wav in Resources */,
				553CAA251D3F34F7000EB934 /* Assets.xcassets in Resources */,
				553CAA561D3FB449000EB934 /* LOGO.png in Resources */,
				553CAA281D3F34F7000EB934 /* Main.storyboard in Resources */,
				553CAA4C1D3F7E80000EB934 /* time_over.wav in Resources */,
			);
			runOnlyForDeploymentPostprocessing = 0;
		};
		553CAA2C1D3F34F7000EB934 /* Resources */ = {
			isa = PBXResourcesBuildPhase;
			buildActionMask = 2147483647;
			files = (
			);
			runOnlyForDeploymentPostprocessing = 0;
		};
		553CAA371D3F34F7000EB934 /* Resources */ = {
			isa = PBXResourcesBuildPhase;
			buildActionMask = 2147483647;
			files = (
			);
			runOnlyForDeploymentPostprocessing = 0;
		};
/* End PBXResourcesBuildPhase section */

/* Begin PBXSourcesBuildPhase section */
		553CAA141D3F34F7000EB934 /* Sources */ = {
			isa = PBXSourcesBuildPhase;
			buildActionMask = 2147483647;
			files = (
				553CAA231D3F34F7000EB934 /* ViewController.m in Sources */,
				553CAA201D3F34F7000EB934 /* main.m in Sources */,
				553CAA5A1D3FB4E8000EB934 /* README.md in Sources */,
				553CAA1D1D3F34F7000EB934 /* AppDelegate.m in Sources */,
			);
			runOnlyForDeploymentPostprocessing = 0;
		};
		553CAA2A1D3F34F7000EB934 /* Sources */ = {
			isa = PBXSourcesBuildPhase;
			buildActionMask = 2147483647;
			files = (
				553CAA331D3F34F7000EB934 /* TimerTests.m in Sources */,
			);
			runOnlyForDeploymentPostprocessing = 0;
		};
		553CAA351D3F34F7000EB934 /* Sources */ = {
			isa = PBXSourcesBuildPhase;
			buildActionMask = 2147483647;
			files = (
				553CAA3E1D3F34F7000EB934 /* TimerUITests.m in Sources */,
			);
			runOnlyForDeploymentPostprocessing = 0;
		};
/* End PBXSourcesBuildPhase section */

/* Begin PBXTargetDependency section */
		553CAA301D3F34F7000EB934 /* PBXTargetDependency */ = {
			isa = PBXTargetDependency;
			target = 553CAA171D3F34F7000EB934 /* 1Timer */;
			targetProxy = 553CAA2F1D3F34F7000EB934 /* PBXContainerItemProxy */;
		};
		553CAA3B1D3F34F7000EB934 /* PBXTargetDependency */ = {
			isa = PBXTargetDependency;
			target = 553CAA171D3F34F7000EB934 /* 1Timer */;
			targetProxy = 553CAA3A1D3F34F7000EB934 /* PBXContainerItemProxy */;
		};
/* End PBXTargetDependency section */

/* Begin PBXVariantGroup section */
		553CAA261D3F34F7000EB934 /* Main.storyboard */ = {
			isa = PBXVariantGroup;
			children = (
				553CAA271D3F34F7000EB934 /* Base */,
			);
			name = Main.storyboard;
			sourceTree = "<group>";
		};
/* End PBXVariantGroup section */

/* Begin XCBuildConfiguration section */
		553CAA401D3F34F7000EB934 /* Debug */ = {
			isa = XCBuildConfiguration;
			buildSettings = {
				ALWAYS_SEARCH_USER_PATHS = NO;
				CLANG_ANALYZER_NONNULL = YES;
				CLANG_CXX_LANGUAGE_STANDARD = "gnu++0x";
				CLANG_CXX_LIBRARY = "libc++";
				CLANG_ENABLE_MODULES = YES;
				CLANG_ENABLE_OBJC_ARC = YES;
				CLANG_WARN_BOOL_CONVERSION = YES;
				CLANG_WARN_CONSTANT_CONVERSION = YES;
				CLANG_WARN_DIRECT_OBJC_ISA_USAGE = YES_ERROR;
				CLANG_WARN_EMPTY_BODY = YES;
				CLANG_WARN_ENUM_CONVERSION = YES;
				CLANG_WARN_INT_CONVERSION = YES;
				CLANG_WARN_OBJC_ROOT_CLASS = YES_ERROR;
				CLANG_WARN_UNREACHABLE_CODE = YES;
				CLANG_WARN__DUPLICATE_METHOD_MATCH = YES;
				CODE_SIGN_IDENTITY = "-";
				COPY_PHASE_STRIP = NO;
				DEBUG_INFORMATION_FORMAT = dwarf;
				ENABLE_STRICT_OBJC_MSGSEND = YES;
				ENABLE_TESTABILITY = YES;
				GCC_C_LANGUAGE_STANDARD = gnu99;
				GCC_DYNAMIC_NO_PIC = NO;
				GCC_NO_COMMON_BLOCKS = YES;
				GCC_OPTIMIZATION_LEVEL = 0;
				GCC_PREPROCESSOR_DEFINITIONS = (
					"DEBUG=1",
					"$(inherited)",
				);
				GCC_WARN_64_TO_32_BIT_CONVERSION = YES;
				GCC_WARN_ABOUT_RETURN_TYPE = YES_ERROR;
				GCC_WARN_UNDECLARED_SELECTOR = YES;
				GCC_WARN_UNINITIALIZED_AUTOS = YES_AGGRESSIVE;
				GCC_WARN_UNUSED_FUNCTION = YES;
				GCC_WARN_UNUSED_VARIABLE = YES;
				MACOSX_DEPLOYMENT_TARGET = 10.9;
				MTL_ENABLE_DEBUG_INFO = YES;
				ONLY_ACTIVE_ARCH = YES;
				SDKROOT = macosx;
			};
			name = Debug;
		};
		553CAA411D3F34F7000EB934 /* Release */ = {
			isa = XCBuildConfiguration;
			buildSettings = {
				ALWAYS_SEARCH_USER_PATHS = NO;
				CLANG_ANALYZER_NONNULL = YES;
				CLANG_CXX_LANGUAGE_STANDARD = "gnu++0x";
				CLANG_CXX_LIBRARY = "libc++";
				CLANG_ENABLE_MODULES = YES;
				CLANG_ENABLE_OBJC_ARC = YES;
				CLANG_WARN_BOOL_CONVERSION = YES;
				CLANG_WARN_CONSTANT_CONVERSION = YES;
				CLANG_WARN_DIRECT_OBJC_ISA_USAGE = YES_ERROR;
				CLANG_WARN_EMPTY_BODY = YES;
				CLANG_WARN_ENUM_CONVERSION = YES;
				CLANG_WARN_INT_CONVERSION = YES;
				CLANG_WARN_OBJC_ROOT_CLASS = YES_ERROR;
				CLANG_WARN_UNREACHABLE_CODE = YES;
				CLANG_WARN__DUPLICATE_METHOD_MATCH = YES;
				CODE_SIGN_IDENTITY = "-";
				COPY_PHASE_STRIP = NO;
				DEBUG_INFORMATION_FORMAT = "dwarf-with-dsym";
				ENABLE_NS_ASSERTIONS = NO;
				ENABLE_STRICT_OBJC_MSGSEND = YES;
				GCC_C_LANGUAGE_STANDARD = gnu99;
				GCC_NO_COMMON_BLOCKS = YES;
				GCC_WARN_64_TO_32_BIT_CONVERSION = YES;
				GCC_WARN_ABOUT_RETURN_TYPE = YES_ERROR;
				GCC_WARN_UNDECLARED_SELECTOR = YES;
				GCC_WARN_UNINITIALIZED_AUTOS = YES_AGGRESSIVE;
				GCC_WARN_UNUSED_FUNCTION = YES;
				GCC_WARN_UNUSED_VARIABLE = YES;
				MACOSX_DEPLOYMENT_TARGET = 10.9;
				MTL_ENABLE_DEBUG_INFO = NO;
				SDKROOT = macosx;
			};
			name = Release;
		};
		553CAA431D3F34F7000EB934 /* Debug */ = {
			isa = XCBuildConfiguration;
			buildSettings = {
				ASSETCATALOG_COMPILER_APPICON_NAME = AppIcon;
				CODE_SIGN_IDENTITY = "Mac Developer";
				COMBINE_HIDPI_IMAGES = YES;
				DEVELOPMENT_TEAM = C5X6D3A359;
				INFOPLIST_FILE = Timer/Info.plist;
				LD_RUNPATH_SEARCH_PATHS = "$(inherited) @executable_path/../Frameworks";
				PRODUCT_BUNDLE_IDENTIFIER = com.adamyi.1Timer;
				PRODUCT_NAME = 1Timer;
				PROVISIONING_PROFILE_SPECIFIER = "";
			};
			name = Debug;
		};
		553CAA441D3F34F7000EB934 /* Release */ = {
			isa = XCBuildConfiguration;
			buildSettings = {
				ASSETCATALOG_COMPILER_APPICON_NAME = AppIcon;
				CODE_SIGN_IDENTITY = "Mac Developer";
				COMBINE_HIDPI_IMAGES = YES;
				DEVELOPMENT_TEAM = C5X6D3A359;
				INFOPLIST_FILE = Timer/Info.plist;
				LD_RUNPATH_SEARCH_PATHS = "$(inherited) @executable_path/../Frameworks";
				PRODUCT_BUNDLE_IDENTIFIER = com.adamyi.1Timer;
				PRODUCT_NAME = 1Timer;
				PROVISIONING_PROFILE_SPECIFIER = "";
			};
			name = Release;
		};
		553CAA461D3F34F7000EB934 /* Debug */ = {
			isa = XCBuildConfiguration;
			buildSettings = {
				BUNDLE_LOADER = "$(TEST_HOST)";
				COMBINE_HIDPI_IMAGES = YES;
				INFOPLIST_FILE = TimerTests/Info.plist;
				LD_RUNPATH_SEARCH_PATHS = "$(inherited) @executable_path/../Frameworks @loader_path/../Frameworks";
				PRODUCT_BUNDLE_IDENTIFIER = com.adamyi.TimerTests;
				PRODUCT_NAME = 1Timer;
				TEST_HOST = "$(BUILT_PRODUCTS_DIR)/1Timer.app/Contents/MacOS/1Timer";
			};
			name = Debug;
		};
		553CAA471D3F34F7000EB934 /* Release */ = {
			isa = XCBuildConfiguration;
			buildSettings = {
				BUNDLE_LOADER = "$(TEST_HOST)";
				COMBINE_HIDPI_IMAGES = YES;
				INFOPLIST_FILE = TimerTests/Info.plist;
				LD_RUNPATH_SEARCH_PATHS = "$(inherited) @executable_path/../Frameworks @loader_path/../Frameworks";
				PRODUCT_BUNDLE_IDENTIFIER = com.adamyi.TimerTests;
				PRODUCT_NAME = 1Timer;
				TEST_HOST = "$(BUILT_PRODUCTS_DIR)/1Timer.app/Contents/MacOS/1Timer";
			};
			name = Release;
		};
		553CAA491D3F34F7000EB934 /* Debug */ = {
			isa = XCBuildConfiguration;
			buildSettings = {
				COMBINE_HIDPI_IMAGES = YES;
				INFOPLIST_FILE = TimerUITests/Info.plist;
				LD_RUNPATH_SEARCH_PATHS = "$(inherited) @executable_path/../Frameworks @loader_path/../Frameworks";
				PRODUCT_BUNDLE_IDENTIFIER = com.adamyi.TimerUITests;
				PRODUCT_NAME = 1Timer;
				TEST_TARGET_NAME = Timer;
			};
			name = Debug;
		};
		553CAA4A1D3F34F7000EB934 /* Release */ = {
			isa = XCBuildConfiguration;
			buildSettings = {
				COMBINE_HIDPI_IMAGES = YES;
				INFOPLIST_FILE = TimerUITests/Info.plist;
				LD_RUNPATH_SEARCH_PATHS = "$(inherited) @executable_path/../Frameworks @loader_path/../Frameworks";
				PRODUCT_BUNDLE_IDENTIFIER = com.adamyi.TimerUITests;
				PRODUCT_NAME = 1Timer;
				TEST_TARGET_NAME = Timer;
			};
			name = Release;
		};
/* End XCBuildConfiguration section */

/* Begin XCConfigurationList section */
		553CAA131D3F34F7000EB934 /* Build configuration list for PBXProject "1Timer" */ = {
			isa = XCConfigurationList;
			buildConfigurations = (
				553CAA401D3F34F7000EB934 /* Debug */,
				553CAA411D3F34F7000EB934 /* Release */,
			);
			defaultConfigurationIsVisible = 0;
			defaultConfigurationName = Release;
		};
		553CAA421D3F34F7000EB934 /* Build configuration list for PBXNativeTarget "1Timer" */ = {
			isa = XCConfigurationList;
			buildConfigurations = (
				553CAA431D3F34F7000EB934 /* Debug */,
				553CAA441D3F34F7000EB934 /* Release */,
			);
			defaultConfigurationIsVisible = 0;
			defaultConfigurationName = Release;
		};
		553CAA451D3F34F7000EB934 /* Build configuration list for PBXNativeTarget "1TimerTests" */ = {
			isa = XCConfigurationList;
			buildConfigurations = (
				553CAA461D3F34F7000EB934 /* Debug */,
				553CAA471D3F34F7000EB934 /* Release */,
			);
			defaultConfigurationIsVisible = 0;
			defaultConfigurationName = Release;
		};
		553CAA481D3F34F7000EB934 /* Build configuration list for PBXNativeTarget "1TimerUITests" */ = {
			isa = XCConfigurationList;
			buildConfigurations = (
				553CAA491D3F34F7000EB934 /* Debug */,
				553CAA4A1D3F34F7000EB934 /* Release */,
			);
			defaultConfigurationIsVisible = 0;
			defaultConfigurationName = Release;
		};
/* End XCConfigurationList section */
	};
	rootObject = 553CAA101D3F34F7000EB934 /* Project object */;
}
